<Solution>
  <Project Path="FlowerEcommerce.API/FlowerEcommerce.API.csproj" />
  <Project Path="FlowerEcommerce.Application/FlowerEcommerce.Application.csproj" />
  <Project Path="FlowerEcommerce.Domain/FlowerEcommerce.Domain.csproj" />
  <Project Path="FlowerEcommerce.Infrastructure/FlowerEcommerce.Infrastructure.csproj" />
  <Project Path="FlowerEcommerce/FlowerEcommerce.View.csproj" />
</Solution>
